# THIS IS AN AUTOGENERATED FILE. DO NOT EDIT THIS FILE DIRECTLY.
# yarn lockfile v1


export-from-json@^1.1.4:
  version "1.1.4"
  resolved "https://registry.npm.taobao.org/export-from-json/download/export-from-json-1.1.4.tgz#337d15a8d195a39076317ba6c3cdf787cd01dfc6"
  integrity sha1-M30VqNGVo5B2MXumw833h80B38Y=
